
Microsoft Visual Studio Solution File, Format Version 12.00
# Visual Studio Version 17
VisualStudioVersion = 17.7.34031.279
MinimumVisualStudioVersion = 10.0.40219.1
Project("{FAE04EC0-301F-11D3-BF4B-00C04F79EFBC}") = "Practice 2", "Practice 2.csproj", "{CEDB02EC-4992-4006-B29C-9D25A9CAD193}"
EndProject
Global
	GlobalSection(SolutionConfigurationPlatforms) = preSolution
		Debug|Any CPU = Debug|Any CPU
		Release|Any CPU = Release|Any CPU
	EndGlobalSection
	GlobalSection(ProjectConfigurationPlatforms) = postSolution
		{CEDB02EC-4992-4006-B29C-9D25A9CAD193}.Debug|Any CPU.ActiveCfg = Debug|Any CPU
		{CEDB02EC-4992-4006-B29C-9D25A9CAD193}.Debug|Any CPU.Build.0 = Debug|Any CPU
		{CEDB02EC-4992-4006-B29C-9D25A9CAD193}.Release|Any CPU.ActiveCfg = Release|Any CPU
		{CEDB02EC-4992-4006-B29C-9D25A9CAD193}.Release|Any CPU.Build.0 = Release|Any CPU
	EndGlobalSection
	GlobalSection(SolutionProperties) = preSolution
		HideSolutionNode = FALSE
	EndGlobalSection
	GlobalSection(ExtensibilityGlobals) = postSolution
		SolutionGuid = {1AB176BE-E048-440C-B955-9C9412D5F67D}
	EndGlobalSection
EndGlobal
